// !$*UTF8*$!
{
	archiveVersion = 1;
	classes = {
	};
	objectVersion = 56;
	objects = {

/* Begin PBXBuildFile section */
		90D0634D2B59E93600230DED /* AppDelegate.swift in Sources */ = {isa = PBXBuildFile; fileRef = 90D0634C2B59E93600230DED /* AppDelegate.swift */; };
		90D0634F2B59E93600230DED /* SceneDelegate.swift in Sources */ = {isa = PBXBuildFile; fileRef = 90D0634E2B59E93600230DED /* SceneDelegate.swift */; };
		90D063512B59E93600230DED /* ViewController.swift in Sources */ = {isa = PBXBuildFile; fileRef = 90D063502B59E93600230DED /* ViewController.swift */; };
		90D063542B59E93600230DED /* Main.storyboard in Resources */ = {isa = PBXBuildFile; fileRef = 90D063522B59E93600230DED /* Main.storyboard */; };
		90D063562B59E93700230DED /* Assets.xcassets in Resources */ = {isa = PBXBuildFile; fileRef = 90D063552B59E93700230DED /* Assets.xcassets */; };
		90D063592B59E93700230DED /* LaunchScreen.storyboard in Resources */ = {isa = PBXBuildFile; fileRef = 90D063572B59E93700230DED /* LaunchScreen.storyboard */; };
		90D063642B59E93700230DED /* MovieDBMVPTests.swift in Sources */ = {isa = PBXBuildFile; fileRef = 90D063632B59E93700230DED /* MovieDBMVPTests.swift */; };
		90D0636E2B59E93700230DED /* MovieDBMVPUITests.swift in Sources */ = {isa = PBXBuildFile; fileRef = 90D0636D2B59E93700230DED /* MovieDBMVPUITests.swift */; };
		90D063702B59E93700230DED /* MovieDBMVPUITestsLaunchTests.swift in Sources */ = {isa = PBXBuildFile; fileRef = 90D0636F2B59E93700230DED /* MovieDBMVPUITestsLaunchTests.swift */; };
/* End PBXBuildFile section */

/* Begin PBXContainerItemProxy section */
		90D063602B59E93700230DED /* PBXContainerItemProxy */ = {
			isa = PBXContainerItemProxy;
			containerPortal = 90D063412B59E93600230DED /* Project object */;
			proxyType = 1;
			remoteGlobalIDString = 90D063482B59E93600230DED;
			remoteInfo = MovieDBMVP;
		};
		90D0636A2B59E93700230DED /* PBXContainerItemProxy */ = {
			isa = PBXContainerItemProxy;
			containerPortal = 90D063412B59E93600230DED /* Project object */;
			proxyType = 1;
			remoteGlobalIDString = 90D063482B59E93600230DED;
			remoteInfo = MovieDBMVP;
		};
/* End PBXContainerItemProxy section */

/* Begin PBXFileReference section */
		90D063492B59E93600230DED /* MovieDBMVP.app */ = {isa = PBXFileReference; explicitFileType = wrapper.application; includeInIndex = 0; path = MovieDBMVP.app; sourceTree = BUILT_PRODUCTS_DIR; };
		90D0634C2B59E93600230DED /* AppDelegate.swift */ = {isa = PBXFileReference; lastKnownFileType = sourcecode.swift; path = AppDelegate.swift; sourceTree = "<group>"; };
		90D0634E2B59E93600230DED /* SceneDelegate.swift */ = {isa = PBXFileReference; lastKnownFileType = sourcecode.swift; path = SceneDelegate.swift; sourceTree = "<group>"; };
		90D063502B59E93600230DED /* ViewController.swift */ = {isa = PBXFileReference; lastKnownFileType = sourcecode.swift; path = ViewController.swift; sourceTree = "<group>"; };
		90D063532B59E93600230DED /* Base */ = {isa = PBXFileReference; lastKnownFileType = file.storyboard; name = Base; path = Base.lproj/Main.storyboard; sourceTree = "<group>"; };
		90D063552B59E93700230DED /* Assets.xcassets */ = {isa = PBXFileReference; lastKnownFileType = folder.assetcatalog; path = Assets.xcassets; sourceTree = "<group>"; };
		90D063582B59E93700230DED /* Base */ = {isa = PBXFileReference; lastKnownFileType = file.storyboard; name = Base; path = Base.lproj/LaunchScreen.storyboard; sourceTree = "<group>"; };
		90D0635A2B59E93700230DED /* Info.plist */ = {isa = PBXFileReference; lastKnownFileType = text.plist.xml; path = Info.plist; sourceTree = "<group>"; };
		90D0635F2B59E93700230DED /* MovieDBMVPTests.xctest */ = {isa = PBXFileReference; explicitFileType = wrapper.cfbundle; includeInIndex = 0; path = MovieDBMVPTests.xctest; sourceTree = BUILT_PRODUCTS_DIR; };
		90D063632B59E93700230DED /* MovieDBMVPTests.swift */ = {isa = PBXFileReference; lastKnownFileType = sourcecode.swift; path = MovieDBMVPTests.swift; sourceTree = "<group>"; };
		90D063692B59E93700230DED /* MovieDBMVPUITests.xctest */ = {isa = PBXFileReference; explicitFileType = wrapper.cfbundle; includeInIndex = 0; path = MovieDBMVPUITests.xctest; sourceTree = BUILT_PRODUCTS_DIR; };
		90D0636D2B59E93700230DED /* MovieDBMVPUITests.swift */ = {isa = PBXFileReference; lastKnownFileType = sourcecode.swift; path = MovieDBMVPUITests.swift; sourceTree = "<group>"; };
		90D0636F2B59E93700230DED /* MovieDBMVPUITestsLaunchTests.swift */ = {isa = PBXFileReference; lastKnownFileType = sourcecode.swift; path = MovieDBMVPUITestsLaunchTests.swift; sourceTree = "<group>"; };
/* End PBXFileReference section */

/* Begin PBXFrameworksBuildPhase section */
		90D063462B59E93600230DED /* Frameworks */ = {
			isa = PBXFrameworksBuildPhase;
			buildActionMask = 2147483647;
			files = (
			);
			runOnlyForDeploymentPostprocessing = 0;
		};
		90D0635C2B59E93700230DED /* Frameworks */ = {
			isa = PBXFrameworksBuildPhase;
			buildActionMask = 2147483647;
			files = (
			);
			runOnlyForDeploymentPostprocessing = 0;
		};
		90D063662B59E93700230DED /* Frameworks */ = {
			isa = PBXFrameworksBuildPhase;
			buildActionMask = 2147483647;
			files = (
			);
			runOnlyForDeploymentPostprocessing = 0;
		};
/* End PBXFrameworksBuildPhase section */

/* Begin PBXGroup section */
		90D063402B59E93600230DED = {
			isa = PBXGroup;
			children = (
				90D0634B2B59E93600230DED /* MovieDBMVP */,
				90D063622B59E93700230DED /* MovieDBMVPTests */,
				90D0636C2B59E93700230DED /* MovieDBMVPUITests */,
				90D0634A2B59E93600230DED /* Products */,
			);
			sourceTree = "<group>";
		};
		90D0634A2B59E93600230DED /* Products */ = {
			isa = PBXGroup;
			children = (
				90D063492B59E93600230DED /* MovieDBMVP.app */,
				90D0635F2B59E93700230DED /* MovieDBMVPTests.xctest */,
				90D063692B59E93700230DED /* MovieDBMVPUITests.xctest */,
			);
			name = Products;
			sourceTree = "<group>";
		};
		90D0634B2B59E93600230DED /* MovieDBMVP */ = {
			isa = PBXGroup;
			children = (
				90D0634C2B59E93600230DED /* AppDelegate.swift */,
				90D0634E2B59E93600230DED /* SceneDelegate.swift */,
				90D063502B59E93600230DED /* ViewController.swift */,
				90D063522B59E93600230DED /* Main.storyboard */,
				90D063552B59E93700230DED /* Assets.xcassets */,
				90D063572B59E93700230DED /* LaunchScreen.storyboard */,
				90D0635A2B59E93700230DED /* Info.plist */,
			);
			path = MovieDBMVP;
			sourceTree = "<group>";
		};
		90D063622B59E93700230DED /* MovieDBMVPTests */ = {
			isa = PBXGroup;
			children = (
				90D063632B59E93700230DED /* MovieDBMVPTests.swift */,
			);
			path = MovieDBMVPTests;
			sourceTree = "<group>";
		};
		90D0636C2B59E93700230DED /* MovieDBMVPUITests */ = {
			isa = PBXGroup;
			children = (
				90D0636D2B59E93700230DED /* MovieDBMVPUITests.swift */,
				90D0636F2B59E93700230DED /* MovieDBMVPUITestsLaunchTests.swift */,
			);
			path = MovieDBMVPUITests;
			sourceTree = "<group>";
		};
/* End PBXGroup section */

/* Begin PBXNativeTarget section */
		90D063482B59E93600230DED /* MovieDBMVP */ = {
			isa = PBXNativeTarget;
			buildConfigurationList = 90D063732B59E93700230DED /* Build configuration list for PBXNativeTarget "MovieDBMVP" */;
			buildPhases = (
				90D063452B59E93600230DED /* Sources */,
				90D063462B59E93600230DED /* Frameworks */,
				90D063472B59E93600230DED /* Resources */,
			);
			buildRules = (
			);
			dependencies = (
			);
			name = MovieDBMVP;
			productName = MovieDBMVP;
			productReference = 90D063492B59E93600230DED /* MovieDBMVP.app */;
			productType = "com.apple.product-type.application";
		};
		90D0635E2B59E93700230DED /* MovieDBMVPTests */ = {
			isa = PBXNativeTarget;
			buildConfigurationList = 90D063762B59E93700230DED /* Build configuration list for PBXNativeTarget "MovieDBMVPTests" */;
			buildPhases = (
				90D0635B2B59E93700230DED /* Sources */,
				90D0635C2B59E93700230DED /* Frameworks */,
				90D0635D2B59E93700230DED /* Resources */,
			);
			buildRules = (
			);
			dependencies = (
				90D063612B59E93700230DED /* PBXTargetDependency */,
			);
			name = MovieDBMVPTests;
			productName = MovieDBMVPTests;
			productReference = 90D0635F2B59E93700230DED /* MovieDBMVPTests.xctest */;
			productType = "com.apple.product-type.bundle.unit-test";
		};
		90D063682B59E93700230DED /* MovieDBMVPUITests */ = {
			isa = PBXNativeTarget;
			buildConfigurationList = 90D063792B59E93700230DED /* Build configuration list for PBXNativeTarget "MovieDBMVPUITests" */;
			buildPhases = (
				90D063652B59E93700230DED /* Sources */,
				90D063662B59E93700230DED /* Frameworks */,
				90D063672B59E93700230DED /* Resources */,
			);
			buildRules = (
			);
			dependencies = (
				90D0636B2B59E93700230DED /* PBXTargetDependency */,
			);
			name = MovieDBMVPUITests;
			productName = MovieDBMVPUITests;
			productReference = 90D063692B59E93700230DED /* MovieDBMVPUITests.xctest */;
			productType = "com.apple.product-type.bundle.ui-testing";
		};
/* End PBXNativeTarget section */

/* Begin PBXProject section */
		90D063412B59E93600230DED /* Project object */ = {
			isa = PBXProject;
			attributes = {
				BuildIndependentTargetsInParallel = 1;
				LastSwiftUpdateCheck = 1510;
				LastUpgradeCheck = 1510;
				TargetAttributes = {
					90D063482B59E93600230DED = {
						CreatedOnToolsVersion = 15.1;
					};
					90D0635E2B59E93700230DED = {
						CreatedOnToolsVersion = 15.1;
						TestTargetID = 90D063482B59E93600230DED;
					};
					90D063682B59E93700230DED = {
						CreatedOnToolsVersion = 15.1;
						TestTargetID = 90D063482B59E93600230DED;
					};
				};
			};
			buildConfigurationList = 90D063442B59E93600230DED /* Build configuration list for PBXProject "MovieDBMVP" */;
			compatibilityVersion = "Xcode 14.0";
			developmentRegion = en;
			hasScannedForEncodings = 0;
			knownRegions = (
				en,
				Base,
			);
			mainGroup = 90D063402B59E93600230DED;
			productRefGroup = 90D0634A2B59E93600230DED /* Products */;
			projectDirPath = "";
			projectRoot = "";
			targets = (
				90D063482B59E93600230DED /* MovieDBMVP */,
				90D0635E2B59E93700230DED /* MovieDBMVPTests */,
				90D063682B59E93700230DED /* MovieDBMVPUITests */,
			);
		};
/* End PBXProject section */

/* Begin PBXResourcesBuildPhase section */
		90D063472B59E93600230DED /* Resources */ = {
			isa = PBXResourcesBuildPhase;
			buildActionMask = 2147483647;
			files = (
				90D063592B59E93700230DED /* LaunchScreen.storyboard in Resources */,
				90D063562B59E93700230DED /* Assets.xcassets in Resources */,
				90D063542B59E93600230DED /* Main.storyboard in Resources */,
			);
			runOnlyForDeploymentPostprocessing = 0;
		};
		90D0635D2B59E93700230DED /* Resources */ = {
			isa = PBXResourcesBuildPhase;
			buildActionMask = 2147483647;
			files = (
			);
			runOnlyForDeploymentPostprocessing = 0;
		};
		90D063672B59E93700230DED /* Resources */ = {
			isa = PBXResourcesBuildPhase;
			buildActionMask = 2147483647;
			files = (
			);
			runOnlyForDeploymentPostprocessing = 0;
		};
/* End PBXResourcesBuildPhase section */

/* Begin PBXSourcesBuildPhase section */
		90D063452B59E93600230DED /* Sources */ = {
			isa = PBXSourcesBuildPhase;
			buildActionMask = 2147483647;
			files = (
				90D063512B59E93600230DED /* ViewController.swift in Sources */,
				90D0634D2B59E93600230DED /* AppDelegate.swift in Sources */,
				90D0634F2B59E93600230DED /* SceneDelegate.swift in Sources */,
			);
			runOnlyForDeploymentPostprocessing = 0;
		};
		90D0635B2B59E93700230DED /* Sources */ = {
			isa = PBXSourcesBuildPhase;
			buildActionMask = 2147483647;
			files = (
				90D063642B59E93700230DED /* MovieDBMVPTests.swift in Sources */,
			);
			runOnlyForDeploymentPostprocessing = 0;
		};
		90D063652B59E93700230DED /* Sources */ = {
			isa = PBXSourcesBuildPhase;
			buildActionMask = 2147483647;
			files = (
				90D0636E2B59E93700230DED /* MovieDBMVPUITests.swift in Sources */,
				90D063702B59E93700230DED /* MovieDBMVPUITestsLaunchTests.swift in Sources */,
			);
			runOnlyForDeploymentPostprocessing = 0;
		};
/* End PBXSourcesBuildPhase section */

/* Begin PBXTargetDependency section */
		90D063612B59E93700230DED /* PBXTargetDependency */ = {
			isa = PBXTargetDependency;
			target = 90D063482B59E93600230DED /* MovieDBMVP */;
			targetProxy = 90D063602B59E93700230DED /* PBXContainerItemProxy */;
		};
		90D0636B2B59E93700230DED /* PBXTargetDependency */ = {
			isa = PBXTargetDependency;
			target = 90D063482B59E93600230DED /* MovieDBMVP */;
			targetProxy = 90D0636A2B59E93700230DED /* PBXContainerItemProxy */;
		};
/* End PBXTargetDependency section */

/* Begin PBXVariantGroup section */
		90D063522B59E93600230DED /* Main.storyboard */ = {
			isa = PBXVariantGroup;
			children = (
				90D063532B59E93600230DED /* Base */,
			);
			name = Main.storyboard;
			sourceTree = "<group>";
		};
		90D063572B59E93700230DED /* LaunchScreen.storyboard */ = {
			isa = PBXVariantGroup;
			children = (
				90D063582B59E93700230DED /* Base */,
			);
			name = LaunchScreen.storyboard;
			sourceTree = "<group>";
		};
/* End PBXVariantGroup section */

/* Begin XCBuildConfiguration section */
		90D063712B59E93700230DED /* Debug */ = {
			isa = XCBuildConfiguration;
			buildSettings = {
				ALWAYS_SEARCH_USER_PATHS = NO;
				ASSETCATALOG_COMPILER_GENERATE_SWIFT_ASSET_SYMBOL_EXTENSIONS = YES;
				CLANG_ANALYZER_NONNULL = YES;
				CLANG_ANALYZER_NUMBER_OBJECT_CONVERSION = YES_AGGRESSIVE;
				CLANG_CXX_LANGUAGE_STANDARD = "gnu++20";
				CLANG_ENABLE_MODULES = YES;
				CLANG_ENABLE_OBJC_ARC = YES;
				CLANG_ENABLE_OBJC_WEAK = YES;
				CLANG_WARN_BLOCK_CAPTURE_AUTORELEASING = YES;
				CLANG_WARN_BOOL_CONVERSION = YES;
				CLANG_WARN_COMMA = YES;
				CLANG_WARN_CONSTANT_CONVERSION = YES;
				CLANG_WARN_DEPRECATED_OBJC_IMPLEMENTATIONS = YES;
				CLANG_WARN_DIRECT_OBJC_ISA_USAGE = YES_ERROR;
				CLANG_WARN_DOCUMENTATION_COMMENTS = YES;
				CLANG_WARN_EMPTY_BODY = YES;
				CLANG_WARN_ENUM_CONVERSION = YES;
				CLANG_WARN_INFINITE_RECURSION = YES;
				CLANG_WARN_INT_CONVERSION = YES;
				CLANG_WARN_NON_LITERAL_NULL_CONVERSION = YES;
				CLANG_WARN_OBJC_IMPLICIT_RETAIN_SELF = YES;
				CLANG_WARN_OBJC_LITERAL_CONVERSION = YES;
				CLANG_WARN_OBJC_ROOT_CLASS = YES_ERROR;
				CLANG_WARN_QUOTED_INCLUDE_IN_FRAMEWORK_HEADER = YES;
				CLANG_WARN_RANGE_LOOP_ANALYSIS = YES;
				CLANG_WARN_STRICT_PROTOTYPES = YES;
				CLANG_WARN_SUSPICIOUS_MOVE = YES;
				CLANG_WARN_UNGUARDED_AVAILABILITY = YES_AGGRESSIVE;
				CLANG_WARN_UNREACHABLE_CODE = YES;
				CLANG_WARN__DUPLICATE_METHOD_MATCH = YES;
				COPY_PHASE_STRIP = NO;
				DEBUG_INFORMATION_FORMAT = dwarf;
				ENABLE_STRICT_OBJC_MSGSEND = YES;
				ENABLE_TESTABILITY = YES;
				ENABLE_USER_SCRIPT_SANDBOXING = YES;
				GCC_C_LANGUAGE_STANDARD = gnu17;
				GCC_DYNAMIC_NO_PIC = NO;
				GCC_NO_COMMON_BLOCKS = YES;
				GCC_OPTIMIZATION_LEVEL = 0;
				GCC_PREPROCESSOR_DEFINITIONS = (
					"DEBUG=1",
					"$(inherited)",
				);
				GCC_WARN_64_TO_32_BIT_CONVERSION = YES;
				GCC_WARN_ABOUT_RETURN_TYPE = YES_ERROR;
				GCC_WARN_UNDECLARED_SELECTOR = YES;
				GCC_WARN_UNINITIALIZED_AUTOS = YES_AGGRESSIVE;
				GCC_WARN_UNUSED_FUNCTION = YES;
				GCC_WARN_UNUSED_VARIABLE = YES;
				IPHONEOS_DEPLOYMENT_TARGET = 17.2;
				LOCALIZATION_PREFERS_STRING_CATALOGS = YES;
				MTL_ENABLE_DEBUG_INFO = INCLUDE_SOURCE;
				MTL_FAST_MATH = YES;
				ONLY_ACTIVE_ARCH = YES;
				SDKROOT = iphoneos;
				SWIFT_ACTIVE_COMPILATION_CONDITIONS = "DEBUG $(inherited)";
				SWIFT_OPTIMIZATION_LEVEL = "-Onone";
			};
			name = Debug;
		};
		90D063722B59E93700230DED /* Release */ = {
			isa = XCBuildConfiguration;
			buildSettings = {
				ALWAYS_SEARCH_USER_PATHS = NO;
				ASSETCATALOG_COMPILER_GENERATE_SWIFT_ASSET_SYMBOL_EXTENSIONS = YES;
				CLANG_ANALYZER_NONNULL = YES;
				CLANG_ANALYZER_NUMBER_OBJECT_CONVERSION = YES_AGGRESSIVE;
				CLANG_CXX_LANGUAGE_STANDARD = "gnu++20";
				CLANG_ENABLE_MODULES = YES;
				CLANG_ENABLE_OBJC_ARC = YES;
				CLANG_ENABLE_OBJC_WEAK = YES;
				CLANG_WARN_BLOCK_CAPTURE_AUTORELEASING = YES;
				CLANG_WARN_BOOL_CONVERSION = YES;
				CLANG_WARN_COMMA = YES;
				CLANG_WARN_CONSTANT_CONVERSION = YES;
				CLANG_WARN_DEPRECATED_OBJC_IMPLEMENTATIONS = YES;
				CLANG_WARN_DIRECT_OBJC_ISA_USAGE = YES_ERROR;
				CLANG_WARN_DOCUMENTATION_COMMENTS = YES;
				CLANG_WARN_EMPTY_BODY = YES;
				CLANG_WARN_ENUM_CONVERSION = YES;
				CLANG_WARN_INFINITE_RECURSION = YES;
				CLANG_WARN_INT_CONVERSION = YES;
				CLANG_WARN_NON_LITERAL_NULL_CONVERSION = YES;
				CLANG_WARN_OBJC_IMPLICIT_RETAIN_SELF = YES;
				CLANG_WARN_OBJC_LITERAL_CONVERSION = YES;
				CLANG_WARN_OBJC_ROOT_CLASS = YES_ERROR;
				CLANG_WARN_QUOTED_INCLUDE_IN_FRAMEWORK_HEADER = YES;
				CLANG_WARN_RANGE_LOOP_ANALYSIS = YES;
				CLANG_WARN_STRICT_PROTOTYPES = YES;
				CLANG_WARN_SUSPICIOUS_MOVE = YES;
				CLANG_WARN_UNGUARDED_AVAILABILITY = YES_AGGRESSIVE;
				CLANG_WARN_UNREACHABLE_CODE = YES;
				CLANG_WARN__DUPLICATE_METHOD_MATCH = YES;
				COPY_PHASE_STRIP = NO;
				DEBUG_INFORMATION_FORMAT = "dwarf-with-dsym";
				ENABLE_NS_ASSERTIONS = NO;
				ENABLE_STRICT_OBJC_MSGSEND = YES;
				ENABLE_USER_SCRIPT_SANDBOXING = YES;
				GCC_C_LANGUAGE_STANDARD = gnu17;
				GCC_NO_COMMON_BLOCKS = YES;
				GCC_WARN_64_TO_32_BIT_CONVERSION = YES;
				GCC_WARN_ABOUT_RETURN_TYPE = YES_ERROR;
				GCC_WARN_UNDECLARED_SELECTOR = YES;
				GCC_WARN_UNINITIALIZED_AUTOS = YES_AGGRESSIVE;
				GCC_WARN_UNUSED_FUNCTION = YES;
				GCC_WARN_UNUSED_VARIABLE = YES;
				IPHONEOS_DEPLOYMENT_TARGET = 17.2;
				LOCALIZATION_PREFERS_STRING_CATALOGS = YES;
				MTL_ENABLE_DEBUG_INFO = NO;
				MTL_FAST_MATH = YES;
				SDKROOT = iphoneos;
				SWIFT_COMPILATION_MODE = wholemodule;
				VALIDATE_PRODUCT = YES;
			};
			name = Release;
		};
		90D063742B59E93700230DED /* Debug */ = {
			isa = XCBuildConfiguration;
			buildSettings = {
				ASSETCATALOG_COMPILER_APPICON_NAME = AppIcon;
				ASSETCATALOG_COMPILER_GLOBAL_ACCENT_COLOR_NAME = AccentColor;
				CODE_SIGN_STYLE = Automatic;
				CURRENT_PROJECT_VERSION = 1;
				DEVELOPMENT_TEAM = 5VBHDRG354;
				GENERATE_INFOPLIST_FILE = YES;
				INFOPLIST_FILE = MovieDBMVP/Info.plist;
				INFOPLIST_KEY_UIApplicationSupportsIndirectInputEvents = YES;
				INFOPLIST_KEY_UILaunchStoryboardName = LaunchScreen;
				INFOPLIST_KEY_UIMainStoryboardFile = Main;
				INFOPLIST_KEY_UISupportedInterfaceOrientations_iPad = "UIInterfaceOrientationPortrait UIInterfaceOrientationPortraitUpsideDown UIInterfaceOrientationLandscapeLeft UIInterfaceOrientationLandscapeRight";
				INFOPLIST_KEY_UISupportedInterfaceOrientations_iPhone = "UIInterfaceOrientationPortrait UIInterfaceOrientationLandscapeLeft UIInterfaceOrientationLandscapeRight";
				LD_RUNPATH_SEARCH_PATHS = (
					"$(inherited)",
					"@executable_path/Frameworks",
				);
				MARKETING_VERSION = 1.0;
				PRODUCT_BUNDLE_IDENTIFIER = com.wamonuop.MovieDBMVP;
				PRODUCT_NAME = "$(TARGET_NAME)";
				SWIFT_EMIT_LOC_STRINGS = YES;
				SWIFT_VERSION = 5.0;
				TARGETED_DEVICE_FAMILY = "1,2";
			};
			name = Debug;
		};
		90D063752B59E93700230DED /* Release */ = {
			isa = XCBuildConfiguration;
			buildSettings = {
				ASSETCATALOG_COMPILER_APPICON_NAME = AppIcon;
				ASSETCATALOG_COMPILER_GLOBAL_ACCENT_COLOR_NAME = AccentColor;
				CODE_SIGN_STYLE = Automatic;
				CURRENT_PROJECT_VERSION = 1;
				DEVELOPMENT_TEAM = 5VBHDRG354;
				GENERATE_INFOPLIST_FILE = YES;
				INFOPLIST_FILE = MovieDBMVP/Info.plist;
				INFOPLIST_KEY_UIApplicationSupportsIndirectInputEvents = YES;
				INFOPLIST_KEY_UILaunchStoryboardName = LaunchScreen;
				INFOPLIST_KEY_UIMainStoryboardFile = Main;
				INFOPLIST_KEY_UISupportedInterfaceOrientations_iPad = "UIInterfaceOrientationPortrait UIInterfaceOrientationPortraitUpsideDown UIInterfaceOrientationLandscapeLeft UIInterfaceOrientationLandscapeRight";
				INFOPLIST_KEY_UISupportedInterfaceOrientations_iPhone = "UIInterfaceOrientationPortrait UIInterfaceOrientationLandscapeLeft UIInterfaceOrientationLandscapeRight";
				LD_RUNPATH_SEARCH_PATHS = (
					"$(inherited)",
					"@executable_path/Frameworks",
				);
				MARKETING_VERSION = 1.0;
				PRODUCT_BUNDLE_IDENTIFIER = com.wamonuop.MovieDBMVP;
				PRODUCT_NAME = "$(TARGET_NAME)";
				SWIFT_EMIT_LOC_STRINGS = YES;
				SWIFT_VERSION = 5.0;
				TARGETED_DEVICE_FAMILY = "1,2";
			};
			name = Release;
		};
		90D063772B59E93700230DED /* Debug */ = {
			isa = XCBuildConfiguration;
			buildSettings = {
				ALWAYS_EMBED_SWIFT_STANDARD_LIBRARIES = YES;
				BUNDLE_LOADER = "$(TEST_HOST)";
				CODE_SIGN_STYLE = Automatic;
				CURRENT_PROJECT_VERSION = 1;
				DEVELOPMENT_TEAM = 5VBHDRG354;
				GENERATE_INFOPLIST_FILE = YES;
				IPHONEOS_DEPLOYMENT_TARGET = 17.2;
				MARKETING_VERSION = 1.0;
				PRODUCT_BUNDLE_IDENTIFIER = com.wamonuop.MovieDBMVPTests;
				PRODUCT_NAME = "$(TARGET_NAME)";
				SWIFT_EMIT_LOC_STRINGS = NO;
				SWIFT_VERSION = 5.0;
				TARGETED_DEVICE_FAMILY = "1,2";
				TEST_HOST = "$(BUILT_PRODUCTS_DIR)/MovieDBMVP.app/$(BUNDLE_EXECUTABLE_FOLDER_PATH)/MovieDBMVP";
			};
			name = Debug;
		};
		90D063782B59E93700230DED /* Release */ = {
			isa = XCBuildConfiguration;
			buildSettings = {
				ALWAYS_EMBED_SWIFT_STANDARD_LIBRARIES = YES;
				BUNDLE_LOADER = "$(TEST_HOST)";
				CODE_SIGN_STYLE = Automatic;
				CURRENT_PROJECT_VERSION = 1;
				DEVELOPMENT_TEAM = 5VBHDRG354;
				GENERATE_INFOPLIST_FILE = YES;
				IPHONEOS_DEPLOYMENT_TARGET = 17.2;
				MARKETING_VERSION = 1.0;
				PRODUCT_BUNDLE_IDENTIFIER = com.wamonuop.MovieDBMVPTests;
				PRODUCT_NAME = "$(TARGET_NAME)";
				SWIFT_EMIT_LOC_STRINGS = NO;
				SWIFT_VERSION = 5.0;
				TARGETED_DEVICE_FAMILY = "1,2";
				TEST_HOST = "$(BUILT_PRODUCTS_DIR)/MovieDBMVP.app/$(BUNDLE_EXECUTABLE_FOLDER_PATH)/MovieDBMVP";
			};
			name = Release;
		};
		90D0637A2B59E93700230DED /* Debug */ = {
			isa = XCBuildConfiguration;
			buildSettings = {
				ALWAYS_EMBED_SWIFT_STANDARD_LIBRARIES = YES;
				CODE_SIGN_STYLE = Automatic;
				CURRENT_PROJECT_VERSION = 1;
				DEVELOPMENT_TEAM = 5VBHDRG354;
				GENERATE_INFOPLIST_FILE = YES;
				MARKETING_VERSION = 1.0;
				PRODUCT_BUNDLE_IDENTIFIER = com.wamonuop.MovieDBMVPUITests;
				PRODUCT_NAME = "$(TARGET_NAME)";
				SWIFT_EMIT_LOC_STRINGS = NO;
				SWIFT_VERSION = 5.0;
				TARGETED_DEVICE_FAMILY = "1,2";
				TEST_TARGET_NAME = MovieDBMVP;
			};
			name = Debug;
		};
		90D0637B2B59E93700230DED /* Release */ = {
			isa = XCBuildConfiguration;
			buildSettings = {
				ALWAYS_EMBED_SWIFT_STANDARD_LIBRARIES = YES;
				CODE_SIGN_STYLE = Automatic;
				CURRENT_PROJECT_VERSION = 1;
				DEVELOPMENT_TEAM = 5VBHDRG354;
				GENERATE_INFOPLIST_FILE = YES;
				MARKETING_VERSION = 1.0;
				PRODUCT_BUNDLE_IDENTIFIER = com.wamonuop.MovieDBMVPUITests;
				PRODUCT_NAME = "$(TARGET_NAME)";
				SWIFT_EMIT_LOC_STRINGS = NO;
				SWIFT_VERSION = 5.0;
				TARGETED_DEVICE_FAMILY = "1,2";
				TEST_TARGET_NAME = MovieDBMVP;
			};
			name = Release;
		};
/* End XCBuildConfiguration section */

/* Begin XCConfigurationList section */
		90D063442B59E93600230DED /* Build configuration list for PBXProject "MovieDBMVP" */ = {
			isa = XCConfigurationList;
			buildConfigurations = (
				90D063712B59E93700230DED /* Debug */,
				90D063722B59E93700230DED /* Release */,
			);
			defaultConfigurationIsVisible = 0;
			defaultConfigurationName = Release;
		};
		90D063732B59E93700230DED /* Build configuration list for PBXNativeTarget "MovieDBMVP" */ = {
			isa = XCConfigurationList;
			buildConfigurations = (
				90D063742B59E93700230DED /* Debug */,
				90D063752B59E93700230DED /* Release */,
			);
			defaultConfigurationIsVisible = 0;
			defaultConfigurationName = Release;
		};
		90D063762B59E93700230DED /* Build configuration list for PBXNativeTarget "MovieDBMVPTests" */ = {
			isa = XCConfigurationList;
			buildConfigurations = (
				90D063772B59E93700230DED /* Debug */,
				90D063782B59E93700230DED /* Release */,
			);
			defaultConfigurationIsVisible = 0;
			defaultConfigurationName = Release;
		};
		90D063792B59E93700230DED /* Build configuration list for PBXNativeTarget "MovieDBMVPUITests" */ = {
			isa = XCConfigurationList;
			buildConfigurations = (
				90D0637A2B59E93700230DED /* Debug */,
				90D0637B2B59E93700230DED /* Release */,
			);
			defaultConfigurationIsVisible = 0;
			defaultConfigurationName = Release;
		};
/* End XCConfigurationList section */
	};
	rootObject = 90D063412B59E93600230DED /* Project object */;
}
